github.com/beorn7/perks v1.0.1 h1:VlbKKnNfV8bJzeqoa4cOKqO6bYr3WgKZxO8Z16+hsOM=
github.com/beorn7/perks v1.0.1/go.mod h1:G2ZrVWU2WbWT9wwq4/hrbKbnv/1ERSJQ0ibhJ6rlkpw=
github.com/bmatcuk/doublestar/v4 v4.10.2 h1:eF7W7HWKg3z9NrWV9pTLnNeoXaqq3Tq9DNKXVMfoCnw=
github.com/bmatcuk/doublestar/v4 v4.10.2/go.mod h1:xBQ8jztBU6kakFMg+8WGxn0c6z1fTSPVIjEY1Wr7jzc=
github.com/cespare/xxhash/v2 v2.3.0 h1:UL815xU9SqsFlibzuggzjXhog7bL6oX9BbNZnL2UFvs=
github.com/cespare/xxhash/v2 v2.3.0/go.mod h1:VGX0DQ3Q6kWi7AoAeZDth3/j3BFtOZR5XLFGgcrjCOs=
github.com/emicklei/proto v1.14.3 h1:zEhlzNkpP8kN6utonKMzlPfIvy82t5Kb9mufaJxSe1Q=
github.com/emicklei/proto v1.14.3/go.mod h1:rn1FgRS/FANiZdD2djyH7TMA9jdRDcYQ9IEN9yvjX0A=
github.com/go-logr/logr v1.2.2/go.mod h1:jdQByPbusPIv2/zmleS9BjJVeZ6kBagPoEUsqbVz/1A=
github.com/go-logr/logr v1.4.4 h1:tG4xh9yMsRCAiodLVTxyrkzSZ9+o0L1Kg/+cPVcbP/8=
github.com/go-logr/logr v1.4.4/go.mod h1:9T104GzyrTigFIr8wt5mBrctHMim0Nb2HLGrmQ40KvY=
github.com/go-logr/stdr v1.2.2 h1:hSWxHoqTgW2S2qGc0LTAI563KZ5YKYRhT3MFKZMbjag=
github.com/go-logr/stdr v1.2.2/go.mod h1:mMo/vtBO5dYbehREoey6XUKy/eSumjCCveDpRre4VKE=
github.com/go-ole/go-ole v1.2.6/go.mod h1:pprOEPIfldk/42T2oK7lQ4v4JSDwmV0As9GaiUsvbm0=
github.com/go-ole/go-ole v1.3.0 h1:Dt6ye7+vXGIKZ7Xtk4s6/xVdGDQynvom7xCFEdWr6uE=
github.com/go-ole/go-ole v1.3.0/go.mod h1:5LS6F96DhAwUc7C+1HLexzMXY1xGRSryjyPPKW6zv78=
github.com/golang/protobuf v1.5.4 h1:i7eJL8qZTpSEXOPTxNKhASYpMn+8e5Q6AdndVa1dWek=
github.com/golang/protobuf v1.5.4/go.mod h1:lnTiLA8Wa4RWRcIUkrtSVa5nRhsEGBg48fD6rSs7xps=
github.com/google/go-cmp v0.7.0 h1:wk8382ETsv4JYUZwIsn6YpYiWiBsYLSJiTsyBybVuN8=
github.com/google/go-cmp v0.7.0/go.mod h1:pXiqmnSA92OHEEa9HXL2W4E7lf9JzCmGVUdgjX3N/iU=
github.com/google/uuid v1.6.0 h1:NIvaJDMOsjHA8n1jAhLSgzrAzy1Hgr+hNrb57e+94F0=
github.com/google/uuid v1.6.0/go.mod h1:TIyPZe4MgqvfeYDBFedMoGGpEw/LqOeaOT+nhxU+yHo=
github.com/jhump/protoreflect/v2 v2.0.0-beta.2 h1:qZU+rEZUOYTz1Bnhi3xbwn+VxdXkLVeEpAeZzVXLY88=
github.com/jhump/protoreflect/v2 v2.0.0-beta.2/go.mod h1:4tnOYkB/mq7QTyS3YKtVtNrJv4Psqout8HA1U+hZtgM=
github.com/munnerz/goautoneg v0.0.0-20191010083416-a7dc8b61c822 h1:C3w9PqII01/Oq1c1nUAm88MOHcQC9l5mIlSMApZMrHA=
github.com/munnerz/goautoneg v0.0.0-20191010083416-a7dc8b61c822/go.mod h1:+n7T8mK8HuQTcFwEeznm/DIxMOiR9yIdICNftLE1DvQ=
github.com/prometheus/client_golang v1.24.1 h1:JnJkREXzWxUdCuPFpIWZiPispT9xVV59uiuyR2bPlnU=
github.com/prometheus/client_golang v1.24.1/go.mod h1:F+oSRECHg4sse5ucfYpYDeIv/hu68Zo0uoHKetWnzcE=
github.com/prometheus/client_model v0.6.3 h1:O0jaTVAYNxTHYInEPFJt5I3+sN8zqBtVMPTB1qyxiEo=
github.com/prometheus/client_model v0.6.3/go.mod h1:gpN5P9S7Rr6Yr92PiQ+Ixvhf6JZEkF1dnxsYL2aPBEM=
github.com/prometheus/common v0.72.0 h1:tAYsE+sPJxIncDAobm4H5aQjmox9ZxEIIqPbiffa8G4=
github.com/prometheus/common v0.72.0/go.mod h1:77NWqAQ2tXT7BIK40qjJdw5Acrsrg1TlHAnsQi3i6mk=
github.com/prometheus/procfs v0.22.0 h1:6q9+/JL9IKAPbCmBrv9n5O5Ty3NKnciV5X7YGw0oics=
github.com/prometheus/procfs v0.22.0/go.mod h1:CvmFr/GVhIjIvWJZW3tgkODBQMRIf0EyWMQLHCHab58=
github.com/roadrunner-server/api-plugins/v6 v6.0.0-beta.2 h1:GqsZzWQ5jMXRF1O/b8IqFz9PLpS7Ui0K4OyACLql2MI=
github.com/roadrunner-server/api-plugins/v6 v6.0.0-beta.2/go.mod h1:2v4yUK5Kvbvq8C3IkDoBkuamq9h+7i/JLjyf7k1j5JM=
github.com/roadrunner-server/endure/v2 v2.6.2 h1:sIB4kTyE7gtT3fDhuYWUYn6Vt/dcPtiA6FoNS1eS+84=
github.com/roadrunner-server/endure/v2 v2.6.2/go.mod h1:t/2+xpNYgGBwhzn83y2MDhvhZ19UVq1REcvqn7j7RB8=
github.com/roadrunner-server/errors v1.5.0 h1:unG7LKIZrSzkCCF3YLRLA5VyqE0KKomofXVJUXJe00g=
github.com/roadrunner-server/errors v1.5.0/go.mod h1:g9fo/T2C13cWRDR9PW1r0ZAOSQfNhWAZawyfkGiaHuI=
github.com/roadrunner-server/events v1.0.1 h1:waCkKhxhzdK3VcI1xG22l+h+0J+Nfdpxjhyy01Un+kI=
github.com/roadrunner-server/events v1.0.1/go.mod h1:WZRqoEVaFm209t52EuoT7ISUtvX6BrCi6bI/7pjkVC0=
github.com/roadrunner-server/goridge/v4 v4.0.0-beta.3 h1:+kUw00/fpqwdMWrPMYW+OZH3O4gEar8hqrY7I+nAztA=
github.com/roadrunner-server/goridge/v4 v4.0.0-beta.3/go.mod h1:1aHppV68y/VqRED/AsfNg59sft9aQOhqgr5Z5n49jbM=
github.com/roadrunner-server/pool/v2 v2.0.0-beta.1 h1:jpYXFtdD6QGAdAGPgMxrNi3j1CegCRpb2y+A+3GnXFA=
github.com/roadrunner-server/pool/v2 v2.0.0-beta.1/go.mod h1:Bo1wT7RtL3eyQHXBUohNhtj/yAmRt6Rq8smuBg5pWkY=
github.com/roadrunner-server/tcplisten v1.6.0 h1:xfFeA2PZTmwJdwc/InhJGq200ew/lfTDReF3oa4AyI4=
github.com/roadrunner-server/tcplisten v1.6.0/go.mod h1:M01BcmhsBiek8WfkiRQwVXwVamgZ5YV36Wa0hz937dA=
github.com/shirou/gopsutil v3.21.11+incompatible h1:+1+c1VGhc88SSonWP6foOcLhvnKlUeu/erjjvaPEYiI=
github.com/shirou/gopsutil v3.21.11+incompatible/go.mod h1:5b4v6he4MtMOwMlS0TUMTu2PcXUg8+E1lC7eC3UO/RA=
github.com/stretchr/testify v1.12.1 h1:EuwCh5fleGS7H32xRwO3wRGT7DxrDhLAT6FF8MpWDWE=
github.com/stretchr/testify v1.12.1/go.mod h1:MDEgiDPPsNp5cuIrHPPCyornHKgEVbtFUmoNlxoYthg=
github.com/tklauser/go-sysconf v0.4.0 h1:7H0uAN+7RkwWRaxhYXDLqa5V3LPrJeV8wmD9dRUgPQU=
github.com/tklauser/go-sysconf v0.4.0/go.mod h1:8mTNWyog7H+MpKijp4VmKJAd2bbYQ2zuUwkYRbUArPI=
github.com/tklauser/numcpus v0.12.0 h1:NR85qdvHA9pFse3x3weVZ0r0ST8R6l5RHbZrlRaqob4=
github.com/tklauser/numcpus v0.12.0/go.mod h1:ABHeXzJnr/qqwguhClkZKT1/8VABcYrsyUiUGobwWJg=
github.com/yusufpapurcu/wmi v1.2.4 h1:zFUKzehAFReQwLys1b/iSMl+JQGSCSjtVqQn9bBrPo0=
github.com/yusufpapurcu/wmi v1.2.4/go.mod h1:SBZ9tNy3G9/m5Oi98Zks0QjeHVDvuK0qfxQmPyzfmi0=
go.opentelemetry.io/auto/sdk v1.2.1 h1:jXsnJ4Lmnqd11kwkBV2LgLoFMZKizbCi5fNZ/ipaZ64=
go.opentelemetry.io/auto/sdk v1.2.1/go.mod h1:KRTj+aOaElaLi+wW1kO/DZRXwkF4C5xPbEe3ZiIhN7Y=
go.opentelemetry.io/contrib/instrumentation/google.golang.org/grpc/otelgrpc v0.72.0 h1:Tq+E65HaNbZTeqcLw6QUhsV+/EIWdkfUH2CQzcrlE5M=
go.opentelemetry.io/contrib/instrumentation/google.golang.org/grpc/otelgrpc v0.72.0/go.mod h1:A+EVhDakAj1waJBPhmTszZaSr08ww8MRRKy1nB1rqck=
go.opentelemetry.io/contrib/propagators/jaeger v1.47.0 h1:2lDw6AKPV33/7Qw9oN5YdxuSJIlUz7q3tkfSlJX5rh0=
go.opentelemetry.io/contrib/propagators/jaeger v1.47.0/go.mod h1:y1ORt/QAquBL+O3I06KE7iMENp9p05iBqaV4xNF3J7k=
go.opentelemetry.io/otel v1.47.0 h1:j7ALJ/zgkS7Z6aeJW09p8VC9804bC+PpeTfCD4XPnOM=
go.opentelemetry.io/otel v1.47.0/go.mod h1:8wS9O2qfXrYrzp6hIF/HOYJJf/wIhFPhR2xLuP+iXQU=
go.opentelemetry.io/otel/log v1.47.0 h1:cOTS1CcLbSQeZKanGJ+0JpF/+t4PELi3O3bbl2lqCcI=
go.opentelemetry.io/otel/log v1.47.0/go.mod h1:9byitSQ5pLC6PpqwGXjqdMKya6ZTswHRZh2vvXT33nw=
go.opentelemetry.io/otel/metric v1.47.0 h1:4PptaldXx3Eat1XjMZ68pPJEs5wrhlemctZE9a3UdWY=
go.opentelemetry.io/otel/metric v1.47.0/go.mod h1:ADGSXxRrXM6bjbvLo535EstVFlPpPYZm4LBKixjDHwU=
go.opentelemetry.io/otel/sdk v1.47.0 h1:zWXEr4j2lFefG87TU6Yg8a7ngfohIKFZHKp0Hf5hC6I=
go.opentelemetry.io/otel/sdk v1.47.0/go.mod h1:VUc24kiOeoGsxG8G9ULx3fWKvB7jMhnGE8Oi607lgR0=
go.opentelemetry.io/otel/sdk/metric v1.47.0 h1:lfISg2j93VT6yqdk9OfUaZmw/GfcZqCCV3jdXtsPnKw=
go.opentelemetry.io/otel/sdk/metric v1.47.0/go.mod h1:ypLp+mW1Nt2x+Szt3b5/i1syodyts49lMOwxpDI3VGw=
go.opentelemetry.io/otel/trace v1.47.0 h1:JOjX/Oci8K94QHddo+bbfya/Ai/nf6/dt9ZfrFNWSrM=
go.opentelemetry.io/otel/trace v1.47.0/go.mod h1:jNaSLa2PZEYFG6fRjJABAu+bw4FS08uDmPg28lTghu0=
go.uber.org/goleak v1.3.0 h1:2K3zAYmnTNqV73imy9J1T3WC+gmCePx2hEGkimedGto=
go.uber.org/goleak v1.3.0/go.mod h1:CoHD4mav9JJNrW/WLlf7HGZPjdw8EucARQHekz1X6bE=
go.yaml.in/yaml/v2 v2.4.4 h1:tuyd0P+2Ont/d6e2rl3be67goVK4R6deVxCUX5vyPaQ=
go.yaml.in/yaml/v2 v2.4.4/go.mod h1:gMZqIpDtDqOfM0uNfy0SkpRhvUryYH0Z6wdMYcacYXQ=
go.yaml.in/yaml/v3 v3.0.5 h1:N6y/pJk8buWs9NY5ERU2HSMfm+IuD/OtfdAnq6kESPw=
go.yaml.in/yaml/v3 v3.0.5/go.mod h1:HVTZu1O7/Vkt2N+BFy8Zza+lnLsABggaTM2ZpNIGuKg=
golang.org/x/net v0.59.0 h1:5zfYln+w5XCxwrnMMJPufRgNoXEaGxl0wo5GqPXyues=
golang.org/x/net v0.59.0/go.mod h1:2DA/G1UfVbCpQPeWTmMPGY7Cs2PkBkwu743bVX5PIVg=
golang.org/x/sync v0.23.0 h1:KameEIfc1IkluZyXWLn39Wd4tURc6GbCiISGiZm2bQk=
golang.org/x/sync v0.23.0/go.mod h1:sUUOizhqBxiL6pEWpqNLUiaJn1ShEbZ6BBqskPbjZm0=
golang.org/x/sys v0.0.0-20190916202348-b4ddaad3f8a3/go.mod h1:h1NjWce9XRLGQEsW7wpKNCjG9DtNlClVuFLEZdDNbEs=
golang.org/x/sys v0.1.0/go.mod h1:oPkhp1MJrh7nUepCBck5+mAzfO9JrbApNNgaTdGDITg=
golang.org/x/sys v0.48.0 h1:bbX/i/6MgT9BVLM9RT1thmxL04yeTAhbEz4SyadbXoo=
golang.org/x/sys v0.48.0/go.mod h1:hNLxWAXmnKAxqDtdwIYC4bM9oQPEecfsnNMuSxOs3og=
golang.org/x/text v0.42.0 h1:JbOZXgfeCPU9gacVtYliJqOhD+zhrEqK4LfdpmlUZqI=
golang.org/x/text v0.42.0/go.mod h1:ojzP1Z+2QtioaF8DTtO8K5q7JWVVYwZKenzujK0Zd0E=
gonum.org/v1/gonum v0.17.0 h1:VbpOemQlsSMrYmn7T2OUvQ4dqxQXU+ouZFQsZOx50z4=
gonum.org/v1/gonum v0.17.0/go.mod h1:El3tOrEuMpv2UdMrbNlKEh9vd86bmQ6vqIcDwxEOc1E=
google.golang.org/genproto v0.0.0-20260928230214-8a89bd6388cc h1:MBreUmlUQ+UROuto7tVQeNrZxy9ZxJsajKJQwWa8mLE=
google.golang.org/genproto v0.0.0-20260928230214-8a89bd6388cc/go.mod h1:JUQe2nbekxMCka0JpW+abO6SMvrY4Gk3+Cnl84QtcCg=
google.golang.org/genproto/googleapis/rpc v0.0.0-20260928230214-8a89bd6388cc h1:4bNTbnb44EqGVy9HaQxSY2jnafSUdgV3qHtedvNpDKg=
google.golang.org/genproto/googleapis/rpc v0.0.0-20260928230214-8a89bd6388cc/go.mod h1:OaIUM3+LpYcK2GXM4FTmhWoIq371Owdr+Cc7/BsYHHc=
google.golang.org/grpc v1.84.0 h1:soMyaPJ8pAak5PIQ0DGBUir0XRo2fRoMqhNWMLlLxO0=
google.golang.org/grpc v1.84.0/go.mod h1:ljCht0DrxQrXBDRTZp52Qxh3Ffk8CdYm2sj4O2QN2C0=
google.golang.org/protobuf v1.36.12 h1:pJOKDDOyeXErUroCihFAd5LQuwXBSpVnKGrj5o/fwxc=
google.golang.org/protobuf v1.36.12/go.mod h1:HTf+CrKn2C3g5S8VImy6tdcUvCska2kB7j23XfzDpco=
